
Microsoft Visual Studio Solution File, Format Version 12.00
# Visual Studio 15
VisualStudioVersion = 15.0.28307.106
MinimumVisualStudioVersion = 10.0.40219.1
Project("{FAE04EC0-301F-11D3-BF4B-00C04F79EFBC}") = "InvestmentManager", "InvestmentManager\InvestmentManager.csproj", "{64509BEB-99EE-4E60-8B53-FDBD2287E3D2}"
EndProject
Project("{FAE04EC0-301F-11D3-BF4B-00C04F79EFBC}") = "InvestmentManager.Core", "InvestmentManager.Core\InvestmentManager.Core.csproj", "{CE56CDB7-5CDE-4914-A1F6-29A7CA14C7B3}"
EndProject
Project("{FAE04EC0-301F-11D3-BF4B-00C04F79EFBC}") = "InvestmentManager.DataAccess.EF", "InvestmentManager.DataAccess.EF\InvestmentManager.DataAccess.EF.csproj", "{4BDAD2B9-BEED-43C8-A91F-96E63B6DA5B8}"
EndProject
Project("{FAE04EC0-301F-11D3-BF4B-00C04F79EFBC}") = "InvestmentManager.DataAccess.AdoNet", "InvestmentManager.DataAccess.AdoNet\InvestmentManager.DataAccess.AdoNet.csproj", "{3CEC2815-D72C-4F01-A9DF-D939178F62D7}"
EndProject
Project("{FAE04EC0-301F-11D3-BF4B-00C04F79EFBC}") = "StockIndexWebService", "StockIndexWebService\StockIndexWebService.csproj", "{A7E02BAA-8F72-40E4-B12F-B4EBADA54121}"
EndProject
Global
	GlobalSection(SolutionConfigurationPlatforms) = preSolution
		Debug|Any CPU = Debug|Any CPU
		Release|Any CPU = Release|Any CPU
	EndGlobalSection
	GlobalSection(ProjectConfigurationPlatforms) = postSolution
		{64509BEB-99EE-4E60-8B53-FDBD2287E3D2}.Debug|Any CPU.ActiveCfg = Debug|Any CPU
		{64509BEB-99EE-4E60-8B53-FDBD2287E3D2}.Debug|Any CPU.Build.0 = Debug|Any CPU
		{64509BEB-99EE-4E60-8B53-FDBD2287E3D2}.Release|Any CPU.ActiveCfg = Release|Any CPU
		{64509BEB-99EE-4E60-8B53-FDBD2287E3D2}.Release|Any CPU.Build.0 = Release|Any CPU
		{CE56CDB7-5CDE-4914-A1F6-29A7CA14C7B3}.Debug|Any CPU.ActiveCfg = Debug|Any CPU
		{CE56CDB7-5CDE-4914-A1F6-29A7CA14C7B3}.Debug|Any CPU.Build.0 = Debug|Any CPU
		{CE56CDB7-5CDE-4914-A1F6-29A7CA14C7B3}.Release|Any CPU.ActiveCfg = Release|Any CPU
		{CE56CDB7-5CDE-4914-A1F6-29A7CA14C7B3}.Release|Any CPU.Build.0 = Release|Any CPU
		{4BDAD2B9-BEED-43C8-A91F-96E63B6DA5B8}.Debug|Any CPU.ActiveCfg = Debug|Any CPU
		{4BDAD2B9-BEED-43C8-A91F-96E63B6DA5B8}.Debug|Any CPU.Build.0 = Debug|Any CPU
		{4BDAD2B9-BEED-43C8-A91F-96E63B6DA5B8}.Release|Any CPU.ActiveCfg = Release|Any CPU
		{4BDAD2B9-BEED-43C8-A91F-96E63B6DA5B8}.Release|Any CPU.Build.0 = Release|Any CPU
		{3CEC2815-D72C-4F01-A9DF-D939178F62D7}.Debug|Any CPU.ActiveCfg = Debug|Any CPU
		{3CEC2815-D72C-4F01-A9DF-D939178F62D7}.Debug|Any CPU.Build.0 = Debug|Any CPU
		{3CEC2815-D72C-4F01-A9DF-D939178F62D7}.Release|Any CPU.ActiveCfg = Release|Any CPU
		{3CEC2815-D72C-4F01-A9DF-D939178F62D7}.Release|Any CPU.Build.0 = Release|Any CPU
		{A7E02BAA-8F72-40E4-B12F-B4EBADA54121}.Debug|Any CPU.ActiveCfg = Debug|Any CPU
		{A7E02BAA-8F72-40E4-B12F-B4EBADA54121}.Debug|Any CPU.Build.0 = Debug|Any CPU
		{A7E02BAA-8F72-40E4-B12F-B4EBADA54121}.Release|Any CPU.ActiveCfg = Release|Any CPU
		{A7E02BAA-8F72-40E4-B12F-B4EBADA54121}.Release|Any CPU.Build.0 = Release|Any CPU
	EndGlobalSection
	GlobalSection(SolutionProperties) = preSolution
		HideSolutionNode = FALSE
	EndGlobalSection
	GlobalSection(ExtensibilityGlobals) = postSolution
		SolutionGuid = {018AA33D-4385-41C0-991C-F24F3F6E7E82}
	EndGlobalSection
EndGlobal
